
Microsoft Visual Studio Solution File, Format Version 12.00
# Visual Studio 15
VisualStudioVersion = 15.0.28307.902
MinimumVisualStudioVersion = 10.0.40219.1
Project("{FAE04EC0-301F-11D3-BF4B-00C04F79EFBC}") = "Library", "Library\Library.csproj", "{D073A497-8968-428E-8289-52733E11EF28}"
EndProject
Global
	GlobalSection(SolutionConfigurationPlatforms) = preSolution
		Debug|Any CPU = Debug|Any CPU
		Release|Any CPU = Release|Any CPU
	EndGlobalSection
	GlobalSection(ProjectConfigurationPlatforms) = postSolution
		{D073A497-8968-428E-8289-52733E11EF28}.Debug|Any CPU.ActiveCfg = Debug|Any CPU
		{D073A497-8968-428E-8289-52733E11EF28}.Debug|Any CPU.Build.0 = Debug|Any CPU
		{D073A497-8968-428E-8289-52733E11EF28}.Release|Any CPU.ActiveCfg = Release|Any CPU
		{D073A497-8968-428E-8289-52733E11EF28}.Release|Any CPU.Build.0 = Release|Any CPU
	EndGlobalSection
	GlobalSection(SolutionProperties) = preSolution
		HideSolutionNode = FALSE
	EndGlobalSection
	GlobalSection(ExtensibilityGlobals) = postSolution
		SolutionGuid = {59F8A3AB-DFFD-494D-958B-5ACCF3B665E2}
	EndGlobalSection
EndGlobal
