
Microsoft Visual Studio Solution File, Format Version 12.00
# Visual Studio 15
VisualStudioVersion = 15.0.28307.902
MinimumVisualStudioVersion = 10.0.40219.1
Project("{9A19103F-16F7-4668-BE54-9A1E7A4F7556}") = "Library", "Library\Library.csproj", "{D073A497-8968-428E-8289-52733E11EF28}"
EndProject
Project("{9A19103F-16F7-4668-BE54-9A1E7A4F7556}") = "LibraryData", "LibraryData\LibraryData.csproj", "{9C0E5BCF-AD8B-42B2-BA05-4C2AC75B9C63}"
EndProject
Project("{9A19103F-16F7-4668-BE54-9A1E7A4F7556}") = "LibraryServices", "LibraryServices\LibraryServices.csproj", "{3BD4D613-9FD2-47C4-8CD3-2B7F68EA8EE1}"
EndProject
Global
	GlobalSection(SolutionConfigurationPlatforms) = preSolution
		Debug|Any CPU = Debug|Any CPU
		Release|Any CPU = Release|Any CPU
	EndGlobalSection
	GlobalSection(ProjectConfigurationPlatforms) = postSolution
		{D073A497-8968-428E-8289-52733E11EF28}.Debug|Any CPU.ActiveCfg = Debug|Any CPU
		{D073A497-8968-428E-8289-52733E11EF28}.Debug|Any CPU.Build.0 = Debug|Any CPU
		{D073A497-8968-428E-8289-52733E11EF28}.Release|Any CPU.ActiveCfg = Release|Any CPU
		{D073A497-8968-428E-8289-52733E11EF28}.Release|Any CPU.Build.0 = Release|Any CPU
		{9C0E5BCF-AD8B-42B2-BA05-4C2AC75B9C63}.Debug|Any CPU.ActiveCfg = Debug|Any CPU
		{9C0E5BCF-AD8B-42B2-BA05-4C2AC75B9C63}.Debug|Any CPU.Build.0 = Debug|Any CPU
		{9C0E5BCF-AD8B-42B2-BA05-4C2AC75B9C63}.Release|Any CPU.ActiveCfg = Release|Any CPU
		{9C0E5BCF-AD8B-42B2-BA05-4C2AC75B9C63}.Release|Any CPU.Build.0 = Release|Any CPU
		{3BD4D613-9FD2-47C4-8CD3-2B7F68EA8EE1}.Debug|Any CPU.ActiveCfg = Debug|Any CPU
		{3BD4D613-9FD2-47C4-8CD3-2B7F68EA8EE1}.Debug|Any CPU.Build.0 = Debug|Any CPU
		{3BD4D613-9FD2-47C4-8CD3-2B7F68EA8EE1}.Release|Any CPU.ActiveCfg = Release|Any CPU
		{3BD4D613-9FD2-47C4-8CD3-2B7F68EA8EE1}.Release|Any CPU.Build.0 = Release|Any CPU
	EndGlobalSection
	GlobalSection(SolutionProperties) = preSolution
		HideSolutionNode = FALSE
	EndGlobalSection
	GlobalSection(ExtensibilityGlobals) = postSolution
		SolutionGuid = {59F8A3AB-DFFD-494D-958B-5ACCF3B665E2}
	EndGlobalSection
EndGlobal
